
Microsoft Visual Studio Solution File, Format Version 12.00
# Visual Studio 14
VisualStudioVersion = 14.0.25420.1
MinimumVisualStudioVersion = 10.0.40219.1
Project("{8BC9CEB8-8B4A-11D0-8D11-00A0C91BC942}") = "AnisGeodesics", "libs\AnisGeodesics\AnisGeodesics.vcxproj", "{BAEDCC72-D75E-4A9E-A6EA-183D99524CB1}"
EndProject
Project("{8BC9CEB8-8B4A-11D0-8D11-00A0C91BC942}") = "CrestLine", "libs\CrestLine\CrestLine.vcxproj", "{BB7EE002-8A35-4F92-95CF-6B89E12D9ABE}"
EndProject
Project("{8BC9CEB8-8B4A-11D0-8D11-00A0C91BC942}") = "Trimesh", "libs\trimesh\Trimesh.vcxproj", "{0F3F2135-54F6-4EAD-BBA3-5CA91ABA25F3}"
EndProject
Project("{8BC9CEB8-8B4A-11D0-8D11-00A0C91BC942}") = "CurveNetMaker", "CurveNetMaker\CurveNetMaker.vcxproj", "{B12702AD-ABFB-343A-A199-8E24837244A3}"
	ProjectSection(ProjectDependencies) = postProject
		{BB7EE002-8A35-4F92-95CF-6B89E12D9ABE} = {BB7EE002-8A35-4F92-95CF-6B89E12D9ABE}
		{0F3F2135-54F6-4EAD-BBA3-5CA91ABA25F3} = {0F3F2135-54F6-4EAD-BBA3-5CA91ABA25F3}
		{BAEDCC72-D75E-4A9E-A6EA-183D99524CB1} = {BAEDCC72-D75E-4A9E-A6EA-183D99524CB1}
	EndProjectSection
EndProject
Global
	GlobalSection(SolutionConfigurationPlatforms) = preSolution
		Debug|Win32 = Debug|Win32
		Debug|x64 = Debug|x64
		Release|Win32 = Release|Win32
		Release|x64 = Release|x64
		x64|Win32 = x64|Win32
		x64|x64 = x64|x64
	EndGlobalSection
	GlobalSection(ProjectConfigurationPlatforms) = postSolution
		{BAEDCC72-D75E-4A9E-A6EA-183D99524CB1}.Debug|Win32.ActiveCfg = Debug|Win32
		{BAEDCC72-D75E-4A9E-A6EA-183D99524CB1}.Debug|Win32.Build.0 = Debug|Win32
		{BAEDCC72-D75E-4A9E-A6EA-183D99524CB1}.Debug|x64.ActiveCfg = Debug|x64
		{BAEDCC72-D75E-4A9E-A6EA-183D99524CB1}.Debug|x64.Build.0 = Debug|x64
		{BAEDCC72-D75E-4A9E-A6EA-183D99524CB1}.Release|Win32.ActiveCfg = Release|Win32
		{BAEDCC72-D75E-4A9E-A6EA-183D99524CB1}.Release|Win32.Build.0 = Release|Win32
		{BAEDCC72-D75E-4A9E-A6EA-183D99524CB1}.Release|x64.ActiveCfg = Release|x64
		{BAEDCC72-D75E-4A9E-A6EA-183D99524CB1}.Release|x64.Build.0 = Release|x64
		{BAEDCC72-D75E-4A9E-A6EA-183D99524CB1}.x64|Win32.ActiveCfg = Release|Win32
		{BAEDCC72-D75E-4A9E-A6EA-183D99524CB1}.x64|Win32.Build.0 = Release|Win32
		{BAEDCC72-D75E-4A9E-A6EA-183D99524CB1}.x64|x64.ActiveCfg = Release|x64
		{BAEDCC72-D75E-4A9E-A6EA-183D99524CB1}.x64|x64.Build.0 = Release|x64
		{BB7EE002-8A35-4F92-95CF-6B89E12D9ABE}.Debug|Win32.ActiveCfg = Debug|Win32
		{BB7EE002-8A35-4F92-95CF-6B89E12D9ABE}.Debug|Win32.Build.0 = Debug|Win32
		{BB7EE002-8A35-4F92-95CF-6B89E12D9ABE}.Debug|x64.ActiveCfg = Debug|x64
		{BB7EE002-8A35-4F92-95CF-6B89E12D9ABE}.Debug|x64.Build.0 = Debug|x64
		{BB7EE002-8A35-4F92-95CF-6B89E12D9ABE}.Release|Win32.ActiveCfg = Release|Win32
		{BB7EE002-8A35-4F92-95CF-6B89E12D9ABE}.Release|Win32.Build.0 = Release|Win32
		{BB7EE002-8A35-4F92-95CF-6B89E12D9ABE}.Release|x64.ActiveCfg = Release|x64
		{BB7EE002-8A35-4F92-95CF-6B89E12D9ABE}.Release|x64.Build.0 = Release|x64
		{BB7EE002-8A35-4F92-95CF-6B89E12D9ABE}.x64|Win32.ActiveCfg = Release|Win32
		{BB7EE002-8A35-4F92-95CF-6B89E12D9ABE}.x64|Win32.Build.0 = Release|Win32
		{BB7EE002-8A35-4F92-95CF-6B89E12D9ABE}.x64|x64.ActiveCfg = Release|x64
		{BB7EE002-8A35-4F92-95CF-6B89E12D9ABE}.x64|x64.Build.0 = Release|x64
		{0F3F2135-54F6-4EAD-BBA3-5CA91ABA25F3}.Debug|Win32.ActiveCfg = Debug|Win32
		{0F3F2135-54F6-4EAD-BBA3-5CA91ABA25F3}.Debug|Win32.Build.0 = Debug|Win32
		{0F3F2135-54F6-4EAD-BBA3-5CA91ABA25F3}.Debug|x64.ActiveCfg = Debug|x64
		{0F3F2135-54F6-4EAD-BBA3-5CA91ABA25F3}.Debug|x64.Build.0 = Debug|x64
		{0F3F2135-54F6-4EAD-BBA3-5CA91ABA25F3}.Release|Win32.ActiveCfg = Release|Win32
		{0F3F2135-54F6-4EAD-BBA3-5CA91ABA25F3}.Release|Win32.Build.0 = Release|Win32
		{0F3F2135-54F6-4EAD-BBA3-5CA91ABA25F3}.Release|x64.ActiveCfg = Release|x64
		{0F3F2135-54F6-4EAD-BBA3-5CA91ABA25F3}.Release|x64.Build.0 = Release|x64
		{0F3F2135-54F6-4EAD-BBA3-5CA91ABA25F3}.x64|Win32.ActiveCfg = Release|Win32
		{0F3F2135-54F6-4EAD-BBA3-5CA91ABA25F3}.x64|Win32.Build.0 = Release|Win32
		{0F3F2135-54F6-4EAD-BBA3-5CA91ABA25F3}.x64|x64.ActiveCfg = Release|x64
		{0F3F2135-54F6-4EAD-BBA3-5CA91ABA25F3}.x64|x64.Build.0 = Release|x64
		{B12702AD-ABFB-343A-A199-8E24837244A3}.Debug|Win32.ActiveCfg = Debug|Win32
		{B12702AD-ABFB-343A-A199-8E24837244A3}.Debug|Win32.Build.0 = Debug|Win32
		{B12702AD-ABFB-343A-A199-8E24837244A3}.Debug|x64.ActiveCfg = Debug|Win32
		{B12702AD-ABFB-343A-A199-8E24837244A3}.Release|Win32.ActiveCfg = Release|Win32
		{B12702AD-ABFB-343A-A199-8E24837244A3}.Release|Win32.Build.0 = Release|Win32
		{B12702AD-ABFB-343A-A199-8E24837244A3}.Release|x64.ActiveCfg = Release|x64
		{B12702AD-ABFB-343A-A199-8E24837244A3}.Release|x64.Build.0 = Release|x64
		{B12702AD-ABFB-343A-A199-8E24837244A3}.x64|Win32.ActiveCfg = Release|Win32
		{B12702AD-ABFB-343A-A199-8E24837244A3}.x64|Win32.Build.0 = Release|Win32
		{B12702AD-ABFB-343A-A199-8E24837244A3}.x64|x64.ActiveCfg = Release|Win32
		{B12702AD-ABFB-343A-A199-8E24837244A3}.x64|x64.Build.0 = Release|Win32
	EndGlobalSection
	GlobalSection(SolutionProperties) = preSolution
		HideSolutionNode = FALSE
	EndGlobalSection
	GlobalSection(ExtensibilityGlobals) = postSolution
		SolutionGuid = {21E10F34-50D3-4ACB-9AD8-2E8607A8ECA1}
	EndGlobalSection
EndGlobal
