<?xml version="1.0" encoding="utf-8"?>
<Project ToolsVersion="4.0" xmlns="http://schemas.microsoft.com/developer/msbuild/2003">
  <ItemGroup>
    <Filter Include="Header Files">
      <UniqueIdentifier>{93995380-89BD-4b04-88EB-625FBE52EBFB}</UniqueIdentifier>
      <Extensions>h;hpp;hxx;hm;inl;inc;xsd</Extensions>
    </Filter>
    <Filter Include="Resource Files">
      <UniqueIdentifier>{67DA6AB6-F800-4c08-8B7A-83BB121AAD01}</UniqueIdentifier>
      <Extensions>rc;ico;cur;bmp;dlg;rc2;rct;bin;rgs;gif;jpg;jpeg;jpe;resx</Extensions>
    </Filter>
    <Filter Include="Source Files">
      <UniqueIdentifier>{4FC737F1-C7A5-4376-A066-2A32D752A2FF}</UniqueIdentifier>
      <Extensions>cpp;c;cc;cxx;def;odl;idl;hpj;bat;asm;asmx</Extensions>
    </Filter>
  </ItemGroup>
  <ItemGroup>
    <ClInclude Include="include\headers\bsphere.h">
      <Filter>Header Files</Filter>
    </ClInclude>
    <ClInclude Include="include\headers\Color.h">
      <Filter>Header Files</Filter>
    </ClInclude>
    <ClInclude Include="include\headers\GLCamera.h">
      <Filter>Header Files</Filter>
    </ClInclude>
    <ClInclude Include="include\headers\ICP.h">
      <Filter>Header Files</Filter>
    </ClInclude>
    <ClInclude Include="include\headers\KDtree.h">
      <Filter>Header Files</Filter>
    </ClInclude>
    <ClInclude Include="include\headers\lineqn.h">
      <Filter>Header Files</Filter>
    </ClInclude>
    <ClInclude Include="include\headers\mempool.h">
      <Filter>Header Files</Filter>
    </ClInclude>
    <ClInclude Include="include\headers\noise3d.h">
      <Filter>Header Files</Filter>
    </ClInclude>
    <ClInclude Include="include\headers\timestamp.h">
      <Filter>Header Files</Filter>
    </ClInclude>
    <ClInclude Include="include\headers\TriMesh.h">
      <Filter>Header Files</Filter>
    </ClInclude>
    <ClInclude Include="include\headers\TriMesh_algo.h">
      <Filter>Header Files</Filter>
    </ClInclude>
    <ClInclude Include="include\headers\Vec.h">
      <Filter>Header Files</Filter>
    </ClInclude>
    <ClInclude Include="include\headers\XForm.h">
      <Filter>Header Files</Filter>
    </ClInclude>
  </ItemGroup>
  <ItemGroup>
    <ClCompile Include="include\libsrc\diffuse.cc">
      <Filter>Source Files</Filter>
    </ClCompile>
    <ClCompile Include="include\libsrc\edgeflip.cc">
      <Filter>Source Files</Filter>
    </ClCompile>
    <ClCompile Include="include\libsrc\faceflip.cc">
      <Filter>Source Files</Filter>
    </ClCompile>
    <ClCompile Include="include\libsrc\filter.cc">
      <Filter>Source Files</Filter>
    </ClCompile>
    <ClCompile Include="include\libsrc\GLCamera.cc">
      <Filter>Source Files</Filter>
    </ClCompile>
    <ClCompile Include="include\libsrc\ICP.cc">
      <Filter>Source Files</Filter>
    </ClCompile>
    <ClCompile Include="include\libsrc\KDtree.cc">
      <Filter>Source Files</Filter>
    </ClCompile>
    <ClCompile Include="include\libsrc\lmsmooth.cc">
      <Filter>Source Files</Filter>
    </ClCompile>
    <ClCompile Include="include\libsrc\mesh_align.cc">
      <Filter>Source Files</Filter>
    </ClCompile>
    <ClCompile Include="include\libsrc\mesh_view.cc">
      <Filter>Source Files</Filter>
    </ClCompile>
    <ClCompile Include="include\libsrc\remove.cc">
      <Filter>Source Files</Filter>
    </ClCompile>
    <ClCompile Include="include\libsrc\reorder_verts.cc">
      <Filter>Source Files</Filter>
    </ClCompile>
    <ClCompile Include="include\libsrc\subdiv.cc">
      <Filter>Source Files</Filter>
    </ClCompile>
    <ClCompile Include="include\libsrc\TriMesh_bounding.cc">
      <Filter>Source Files</Filter>
    </ClCompile>
    <ClCompile Include="include\libsrc\TriMesh_connectivity.cc">
      <Filter>Source Files</Filter>
    </ClCompile>
    <ClCompile Include="include\libsrc\TriMesh_curvature.cc">
      <Filter>Source Files</Filter>
    </ClCompile>
    <ClCompile Include="include\libsrc\TriMesh_grid.cc">
      <Filter>Source Files</Filter>
    </ClCompile>
    <ClCompile Include="include\libsrc\TriMesh_io.cc">
      <Filter>Source Files</Filter>
    </ClCompile>
    <ClCompile Include="include\libsrc\TriMesh_normals.cc">
      <Filter>Source Files</Filter>
    </ClCompile>
    <ClCompile Include="include\libsrc\TriMesh_pointareas.cc">
      <Filter>Source Files</Filter>
    </ClCompile>
    <ClCompile Include="include\libsrc\TriMesh_stats.cc">
      <Filter>Source Files</Filter>
    </ClCompile>
    <ClCompile Include="include\libsrc\TriMesh_tstrips.cc">
      <Filter>Source Files</Filter>
    </ClCompile>
    <ClCompile Include="include\utilsrc\mesh_align.cc">
      <Filter>Source Files</Filter>
    </ClCompile>
    <ClCompile Include="include\utilsrc\mesh_cat.cc">
      <Filter>Source Files</Filter>
    </ClCompile>
    <ClCompile Include="include\utilsrc\mesh_cc.cc">
      <Filter>Source Files</Filter>
    </ClCompile>
    <ClCompile Include="include\utilsrc\mesh_filter.cc">
      <Filter>Source Files</Filter>
    </ClCompile>
    <ClCompile Include="include\utilsrc\mesh_make.cc">
      <Filter>Source Files</Filter>
    </ClCompile>
    <ClCompile Include="include\utilsrc\mesh_shade.cc">
      <Filter>Source Files</Filter>
    </ClCompile>
    <ClCompile Include="include\utilsrc\mesh_view.cc">
      <Filter>Source Files</Filter>
    </ClCompile>
  </ItemGroup>
</Project>